# This file is autogenerated, do not edit; changes may be undone by the next 'dep ensure'.


[[projects]]
  name = "github.com/CyCoreSystems/ari"
  packages = [
    ".",
    "ext/play",
    "rid"
  ]
  revision = "5f4b1e423a9f16430faa6ed765b7c3042826857a"
  version = "v4.7.1"

[[projects]]
  name = "github.com/CyCoreSystems/ari-proxy"
  packages = [
    "client",
    "client/bus",
    "client/cluster",
    "proxy"
  ]
  revision = "9c5c2dc77dbac2400150d4812942c2e25edaa12f"
  version = "v2.4.2"

[[projects]]
  name = "github.com/ericchiang/k8s"
  packages = [
    ".",
    "apis/apiextensions/v1beta1",
    "apis/apps/v1",
    "apis/core/v1",
    "apis/meta/v1",
    "apis/policy/v1beta1",
    "apis/resource",
    "runtime",
    "runtime/schema",
    "util/intstr",
    "watch/versioned"
  ]
  revision = "677cf3318ef83bf681a38821f81a233a9be09641"
  version = "v1.1.0"

[[projects]]
  name = "github.com/go-stack/stack"
  packages = ["."]
  revision = "259ab82a6cad3992b4e21ff5cac294ccb06474bc"
  version = "v1.7.0"

[[projects]]
  name = "github.com/gogo/protobuf"
  packages = [
    "gogoproto",
    "proto",
    "protoc-gen-gogo/descriptor",
    "sortkeys",
    "types"
  ]
  revision = "1adfc126b41513cc696b209667c8656ea7aac67c"
  version = "v1.0.0"

[[projects]]
  name = "github.com/golang/protobuf"
  packages = ["proto"]
  revision = "b4deda0973fb4c70b50d226b1af49f3da59f5265"
  version = "v1.1.0"

[[projects]]
  name = "github.com/inconshreveable/log15"
  packages = ["."]
  revision = "0decfc6c20d9ca0ad143b0e89dcaa20f810b4fb3"
  version = "v2.13"

[[projects]]
  name = "github.com/mattn/go-colorable"
  packages = ["."]
  revision = "167de6bfdfba052fa6b2d3664c8f5272e23c9072"
  version = "v0.0.9"

[[projects]]
  name = "github.com/mattn/go-isatty"
  packages = ["."]
  revision = "0360b2af4f38e8d38c7fce2a9f4e702702d73a39"
  version = "v0.0.3"

[[projects]]
  name = "github.com/nats-io/go-nats"
  packages = [
    "encoders/builtin",
    "util"
  ]
  revision = "062418ea1c2181f52dc0f954f6204370519a868b"
  version = "v1.5.0"

[[projects]]
  name = "github.com/nats-io/nats"
  packages = ["."]
  revision = "062418ea1c2181f52dc0f954f6204370519a868b"
  version = "v1.5.0"

[[projects]]
  name = "github.com/nats-io/nuid"
  packages = ["."]
  revision = "289cccf02c178dc782430d534e3c1f5b72af807f"
  version = "v1.0.0"

[[projects]]
  name = "github.com/oklog/ulid"
  packages = ["."]
  revision = "d311cb43c92434ec4072dfbbda3400741d0a6337"
  version = "v0.3.0"

[[projects]]
  name = "github.com/pkg/errors"
  packages = ["."]
  revision = "645ef00459ed84a119197bfb8d8205042c6df63d"
  version = "v0.8.0"

[[projects]]
  branch = "master"
  name = "golang.org/x/net"
  packages = [
    "http/httpguts",
    "http2",
    "http2/hpack",
    "idna"
  ]
  revision = "afe8f62b1d6bbd81f31868121a50b06d8188e1f9"

[[projects]]
  branch = "master"
  name = "golang.org/x/sys"
  packages = ["unix"]
  revision = "a200a19cb90b19de298170992778b1fda7217bd6"

[[projects]]
  name = "golang.org/x/text"
  packages = [
    "collate",
    "collate/build",
    "internal/colltab",
    "internal/gen",
    "internal/tag",
    "internal/triegen",
    "internal/ucd",
    "language",
    "secure/bidirule",
    "transform",
    "unicode/bidi",
    "unicode/cldr",
    "unicode/norm",
    "unicode/rangetable"
  ]
  revision = "f21a4dfb5e38f5895301dc265a8def02365cc3d0"
  version = "v0.3.0"

[solve-meta]
  analyzer-name = "dep"
  analyzer-version = 1
  inputs-digest = "ca60dd5b23e449b6727d8bd8eb1596bde1a4a79dc05a18e0b922fdd73e2f0279"
  solver-name = "gps-cdcl"
  solver-version = 1
